// !$*UTF8*$!
{
	archiveVersion = 1;
	classes = {
	};
	objectVersion = 50;
	objects = {

/* Begin PBXBuildFile section */
		0E3175412FAF54B76E25B5B9 /* Pods_sevcabelTests.framework in Frameworks */ = {isa = PBXBuildFile; fileRef = 433A64EA9E497A368E12729C /* Pods_sevcabelTests.framework */; };
		107C7DB0E2690EBBD17E9B1F /* AuthorizationViewController.swift in Sources */ = {isa = PBXBuildFile; fileRef = D1080304847A3B28D57B7E7D /* AuthorizationViewController.swift */; };
		31A6074B2197AC52008F49C1 /* GeoItem.swift in Sources */ = {isa = PBXBuildFile; fileRef = 31A6074A2197AC52008F49C1 /* GeoItem.swift */; };
		31A6074E2197AC60008F49C1 /* FirebaseDatabase.swift in Sources */ = {isa = PBXBuildFile; fileRef = 31A6074D2197AC60008F49C1 /* FirebaseDatabase.swift */; };
		31A607532197AD43008F49C1 /* ARMapViewController.swift in Sources */ = {isa = PBXBuildFile; fileRef = 31A607512197AD43008F49C1 /* ARMapViewController.swift */; };
		31A607542197AD43008F49C1 /* ARMapViewController.xib in Resources */ = {isa = PBXBuildFile; fileRef = 31A607522197AD43008F49C1 /* ARMapViewController.xib */; };
		31A607572197ADAE008F49C1 /* AttitudeSwitcher.swift in Sources */ = {isa = PBXBuildFile; fileRef = 31A607562197ADAE008F49C1 /* AttitudeSwitcher.swift */; };
		31A607592197ADB6008F49C1 /* AppleSpeechKitManager.swift in Sources */ = {isa = PBXBuildFile; fileRef = 31A607582197ADB6008F49C1 /* AppleSpeechKitManager.swift */; };
		31A6075B2197ADCC008F49C1 /* TextCardNode.swift in Sources */ = {isa = PBXBuildFile; fileRef = 31A6075A2197ADCC008F49C1 /* TextCardNode.swift */; };
		31A6075D2197B256008F49C1 /* GoogleService-Info.plist in Resources */ = {isa = PBXBuildFile; fileRef = 31A6075C2197B255008F49C1 /* GoogleService-Info.plist */; };
		39CD81B5137FA2A3EC8BF592 /* SuccessfullyRegisteredViewController.swift in Sources */ = {isa = PBXBuildFile; fileRef = F6312BE3A18C97F732B1F913 /* SuccessfullyRegisteredViewController.swift */; };
		3C10679FD4927776F1066544 /* MapViewController.swift in Sources */ = {isa = PBXBuildFile; fileRef = BFF1F064516FD97D30FB9D40 /* MapViewController.swift */; };
		4C603563BE504E65FFAAE7B9 /* Pods_sevcabel.framework in Frameworks */ = {isa = PBXBuildFile; fileRef = 3E349266AC8083161E0C3060 /* Pods_sevcabel.framework */; };
		5E775AD8EE9F6FD9C5B37FD5 /* IdentifierViewController.storyboard in Resources */ = {isa = PBXBuildFile; fileRef = 24E135AE2FC43607F203526F /* IdentifierViewController.storyboard */; };
		610EDEBA741623156B12B33E /* FeedViewController.storyboard in Resources */ = {isa = PBXBuildFile; fileRef = EEA41C1F88FBA909723CB39C /* FeedViewController.storyboard */; };
		630EF828B67AB9E8B2B45FC2 /* FeedViewController.swift in Sources */ = {isa = PBXBuildFile; fileRef = 5A41184B5D3F30845B8BA30F /* FeedViewController.swift */; };
		64BDE621D4A428599F1CB125 /* SuccessfullyRegisteredViewController.storyboard in Resources */ = {isa = PBXBuildFile; fileRef = 68DF6BCD371BB4E86EAC9183 /* SuccessfullyRegisteredViewController.storyboard */; };
		72F9E9A070F890E336940BE6 /* ProfileViewController.storyboard in Resources */ = {isa = PBXBuildFile; fileRef = C3F5A3B4DC2B8F1A35A819B3 /* ProfileViewController.storyboard */; };
		779D645539E44978933BAE5C /* MapViewController.storyboard in Resources */ = {isa = PBXBuildFile; fileRef = 4A89BD8794D299ED698DE5C4 /* MapViewController.storyboard */; };
		87A2A2F1176B4B640E51F9E7 /* AuthorizationViewController.storyboard in Resources */ = {isa = PBXBuildFile; fileRef = C3BE5821EF9B2F374116E894 /* AuthorizationViewController.storyboard */; };
		8933A0662197ACCC00935313 /* PointAnnotation.swift in Sources */ = {isa = PBXBuildFile; fileRef = 8933A0652197ACCC00935313 /* PointAnnotation.swift */; };
		89A564EF2197D1A500DD27D9 /* Zoom.swift in Sources */ = {isa = PBXBuildFile; fileRef = 89A564EE2197D1A500DD27D9 /* Zoom.swift */; };
		89A564F82197F68700DD27D9 /* PointAnnotationView.swift in Sources */ = {isa = PBXBuildFile; fileRef = 89A564F72197F68700DD27D9 /* PointAnnotationView.swift */; };
		89A564FA2197FA1F00DD27D9 /* PulseLayer.swift in Sources */ = {isa = PBXBuildFile; fileRef = 89A564F92197FA1F00DD27D9 /* PulseLayer.swift */; };
		8B1B0E332195F42900735BC7 /* AppDelegate.swift in Sources */ = {isa = PBXBuildFile; fileRef = 8B1B0E322195F42900735BC7 /* AppDelegate.swift */; };
		8B1B0E3A2195F42B00735BC7 /* Assets.xcassets in Resources */ = {isa = PBXBuildFile; fileRef = 8B1B0E392195F42B00735BC7 /* Assets.xcassets */; };
		8B1B0E3D2195F42B00735BC7 /* LaunchScreen.storyboard in Resources */ = {isa = PBXBuildFile; fileRef = 8B1B0E3B2195F42B00735BC7 /* LaunchScreen.storyboard */; };
		8B3A7435219661AC00416FDA /* UIView.swift in Sources */ = {isa = PBXBuildFile; fileRef = 8B3A7434219661AC00416FDA /* UIView.swift */; };
		8B6041942196FD98004BBBA8 /* CGImage.swift in Sources */ = {isa = PBXBuildFile; fileRef = 8B6041932196FD98004BBBA8 /* CGImage.swift */; };
		8B6041962196FDAD004BBBA8 /* UIImage.swift in Sources */ = {isa = PBXBuildFile; fileRef = 8B6041952196FDAD004BBBA8 /* UIImage.swift */; };
		8B604198219745ED004BBBA8 /* Constants.swift in Sources */ = {isa = PBXBuildFile; fileRef = 8B604197219745ED004BBBA8 /* Constants.swift */; };
		8B60419A2197460A004BBBA8 /* NSNotification.Name.swift in Sources */ = {isa = PBXBuildFile; fileRef = 8B6041992197460A004BBBA8 /* NSNotification.Name.swift */; };
		8B60419C219747DE004BBBA8 /* UserDefaults.swift in Sources */ = {isa = PBXBuildFile; fileRef = 8B60419B219747DE004BBBA8 /* UserDefaults.swift */; };
		8B87307821978FF90059D4EA /* User.swift in Sources */ = {isa = PBXBuildFile; fileRef = 8B87307721978FF90059D4EA /* User.swift */; };
		8B87307B219791920059D4EA /* UIImageView.swift in Sources */ = {isa = PBXBuildFile; fileRef = 8B87307A219791920059D4EA /* UIImageView.swift */; };
		8B87307D2197A0750059D4EA /* DrawerCustomTransitionDelegate.swift in Sources */ = {isa = PBXBuildFile; fileRef = 8B87307C2197A0750059D4EA /* DrawerCustomTransitionDelegate.swift */; };
		8B8730802197A0BF0059D4EA /* DrawerDismissTransition.swift in Sources */ = {isa = PBXBuildFile; fileRef = 8B87307F2197A0BF0059D4EA /* DrawerDismissTransition.swift */; };
		8B8730822197A0D90059D4EA /* DrawerPresentTransition.swift in Sources */ = {isa = PBXBuildFile; fileRef = 8B8730812197A0D90059D4EA /* DrawerPresentTransition.swift */; };
		8B8730842197ABAB0059D4EA /* StringAttributes.swift in Sources */ = {isa = PBXBuildFile; fileRef = 8B8730832197ABAB0059D4EA /* StringAttributes.swift */; };
		8BA619E92196244500375CD9 /* UIViewController.swift in Sources */ = {isa = PBXBuildFile; fileRef = 8BA619E82196244500375CD9 /* UIViewController.swift */; };
		8BA619EC2196267A00375CD9 /* Switch.swift in Sources */ = {isa = PBXBuildFile; fileRef = 8BA619EB2196267A00375CD9 /* Switch.swift */; };
		8BA619EE2196303D00375CD9 /* Pager.swift in Sources */ = {isa = PBXBuildFile; fileRef = 8BA619ED2196303D00375CD9 /* Pager.swift */; };
		8BA619F02196390000375CD9 /* FeedTableViewAdapter.swift in Sources */ = {isa = PBXBuildFile; fileRef = 8BA619EF2196390000375CD9 /* FeedTableViewAdapter.swift */; };
		8BA619F3219639CC00375CD9 /* FeedItem.swift in Sources */ = {isa = PBXBuildFile; fileRef = 8BA619F2219639CC00375CD9 /* FeedItem.swift */; };
		8BA619F8219639F400375CD9 /* FeedItemTableViewCell.swift in Sources */ = {isa = PBXBuildFile; fileRef = 8BA619F6219639F400375CD9 /* FeedItemTableViewCell.swift */; };
		8BA619F9219639F400375CD9 /* FeedItemTableViewCell.xib in Resources */ = {isa = PBXBuildFile; fileRef = 8BA619F7219639F400375CD9 /* FeedItemTableViewCell.xib */; };
		8BA619FB21963B7900375CD9 /* UITableView.swift in Sources */ = {isa = PBXBuildFile; fileRef = 8BA619FA21963B7900375CD9 /* UITableView.swift */; };
		8BA619FD21963B8D00375CD9 /* NSObject.swift in Sources */ = {isa = PBXBuildFile; fileRef = 8BA619FC21963B8D00375CD9 /* NSObject.swift */; };
		8BA619FF21963DE600375CD9 /* FeedBlockViewController.swift in Sources */ = {isa = PBXBuildFile; fileRef = 8BA619FE21963DE600375CD9 /* FeedBlockViewController.swift */; };
		8BA61A0721964D9000375CD9 /* TabBar.swift in Sources */ = {isa = PBXBuildFile; fileRef = 8BA61A0621964D9000375CD9 /* TabBar.swift */; };
		8BA61A0B21965DAE00375CD9 /* ProfileHeaderView.swift in Sources */ = {isa = PBXBuildFile; fileRef = 8BA61A0A21965DAE00375CD9 /* ProfileHeaderView.swift */; };
		8BA61A0D21965DC300375CD9 /* ProfileHeaderView.xib in Resources */ = {isa = PBXBuildFile; fileRef = 8BA61A0C21965DC300375CD9 /* ProfileHeaderView.xib */; };
		96E14A9B4D6A602932EC813C /* IdentifierViewController.swift in Sources */ = {isa = PBXBuildFile; fileRef = 97D5ADD98DB4D135B6BDAAF8 /* IdentifierViewController.swift */; };
		B2CD82941B380DE1F75751BA /* FeedItemDetailViewController.swift in Sources */ = {isa = PBXBuildFile; fileRef = 87D31F1BD2186269F58788A7 /* FeedItemDetailViewController.swift */; };
		C28834B521A1532E2DDF8683 /* FeedItemDetailViewController.storyboard in Resources */ = {isa = PBXBuildFile; fileRef = 4A1E92A03C850F26CE380563 /* FeedItemDetailViewController.storyboard */; };
		FFBE45CA1A321578D3227C3E /* ProfileViewController.swift in Sources */ = {isa = PBXBuildFile; fileRef = 6B3FF405944B1D96F0841A7D /* ProfileViewController.swift */; };
/* End PBXBuildFile section */

/* Begin PBXContainerItemProxy section */
		8B1B0E442195F42B00735BC7 /* PBXContainerItemProxy */ = {
			isa = PBXContainerItemProxy;
			containerPortal = 8B1B0E272195F42900735BC7 /* Project object */;
			proxyType = 1;
			remoteGlobalIDString = 8B1B0E2E2195F42900735BC7;
			remoteInfo = sevcabel;
		};
/* End PBXContainerItemProxy section */

/* Begin PBXFileReference section */
		03201A4EB539F25669F8CA2C /* Pods-sevcabelTests.release.xcconfig */ = {isa = PBXFileReference; includeInIndex = 1; lastKnownFileType = text.xcconfig; name = "Pods-sevcabelTests.release.xcconfig"; path = "Pods/Target Support Files/Pods-sevcabelTests/Pods-sevcabelTests.release.xcconfig"; sourceTree = "<group>"; };
		24E135AE2FC43607F203526F /* IdentifierViewController.storyboard */ = {isa = PBXFileReference; includeInIndex = 1; lastKnownFileType = file.storyboard; path = IdentifierViewController.storyboard; sourceTree = "<group>"; };
		31A6074A2197AC52008F49C1 /* GeoItem.swift */ = {isa = PBXFileReference; fileEncoding = 4; lastKnownFileType = sourcecode.swift; path = GeoItem.swift; sourceTree = "<group>"; };
		31A6074D2197AC60008F49C1 /* FirebaseDatabase.swift */ = {isa = PBXFileReference; fileEncoding = 4; lastKnownFileType = sourcecode.swift; path = FirebaseDatabase.swift; sourceTree = "<group>"; };
		31A607512197AD43008F49C1 /* ARMapViewController.swift */ = {isa = PBXFileReference; lastKnownFileType = sourcecode.swift; path = ARMapViewController.swift; sourceTree = "<group>"; };
		31A607522197AD43008F49C1 /* ARMapViewController.xib */ = {isa = PBXFileReference; lastKnownFileType = file.xib; path = ARMapViewController.xib; sourceTree = "<group>"; };
		31A607562197ADAE008F49C1 /* AttitudeSwitcher.swift */ = {isa = PBXFileReference; fileEncoding = 4; lastKnownFileType = sourcecode.swift; path = AttitudeSwitcher.swift; sourceTree = "<group>"; };
		31A607582197ADB6008F49C1 /* AppleSpeechKitManager.swift */ = {isa = PBXFileReference; fileEncoding = 4; lastKnownFileType = sourcecode.swift; path = AppleSpeechKitManager.swift; sourceTree = "<group>"; };
		31A6075A2197ADCC008F49C1 /* TextCardNode.swift */ = {isa = PBXFileReference; fileEncoding = 4; lastKnownFileType = sourcecode.swift; path = TextCardNode.swift; sourceTree = "<group>"; };
		31A6075C2197B255008F49C1 /* GoogleService-Info.plist */ = {isa = PBXFileReference; fileEncoding = 4; lastKnownFileType = text.plist.xml; path = "GoogleService-Info.plist"; sourceTree = "<group>"; };
		3E349266AC8083161E0C3060 /* Pods_sevcabel.framework */ = {isa = PBXFileReference; explicitFileType = wrapper.framework; includeInIndex = 0; path = Pods_sevcabel.framework; sourceTree = BUILT_PRODUCTS_DIR; };
		433A64EA9E497A368E12729C /* Pods_sevcabelTests.framework */ = {isa = PBXFileReference; explicitFileType = wrapper.framework; includeInIndex = 0; path = Pods_sevcabelTests.framework; sourceTree = BUILT_PRODUCTS_DIR; };
		4A1E92A03C850F26CE380563 /* FeedItemDetailViewController.storyboard */ = {isa = PBXFileReference; includeInIndex = 1; lastKnownFileType = file.storyboard; path = FeedItemDetailViewController.storyboard; sourceTree = "<group>"; };
		4A89BD8794D299ED698DE5C4 /* MapViewController.storyboard */ = {isa = PBXFileReference; includeInIndex = 1; lastKnownFileType = file.storyboard; path = MapViewController.storyboard; sourceTree = "<group>"; };
		5A41184B5D3F30845B8BA30F /* FeedViewController.swift */ = {isa = PBXFileReference; includeInIndex = 1; lastKnownFileType = sourcecode.swift; path = FeedViewController.swift; sourceTree = "<group>"; };
		68DF6BCD371BB4E86EAC9183 /* SuccessfullyRegisteredViewController.storyboard */ = {isa = PBXFileReference; includeInIndex = 1; lastKnownFileType = file.storyboard; path = SuccessfullyRegisteredViewController.storyboard; sourceTree = "<group>"; };
		6B3FF405944B1D96F0841A7D /* ProfileViewController.swift */ = {isa = PBXFileReference; includeInIndex = 1; lastKnownFileType = sourcecode.swift; path = ProfileViewController.swift; sourceTree = "<group>"; };
		73234F0192126586EBE6F28E /* Pods-sevcabel.debug.xcconfig */ = {isa = PBXFileReference; includeInIndex = 1; lastKnownFileType = text.xcconfig; name = "Pods-sevcabel.debug.xcconfig"; path = "Pods/Target Support Files/Pods-sevcabel/Pods-sevcabel.debug.xcconfig"; sourceTree = "<group>"; };
		87D31F1BD2186269F58788A7 /* FeedItemDetailViewController.swift */ = {isa = PBXFileReference; includeInIndex = 1; lastKnownFileType = sourcecode.swift; path = FeedItemDetailViewController.swift; sourceTree = "<group>"; };
		8933A0652197ACCC00935313 /* PointAnnotation.swift */ = {isa = PBXFileReference; lastKnownFileType = sourcecode.swift; path = PointAnnotation.swift; sourceTree = "<group>"; };
		89A564EE2197D1A500DD27D9 /* Zoom.swift */ = {isa = PBXFileReference; lastKnownFileType = sourcecode.swift; path = Zoom.swift; sourceTree = "<group>"; };
		89A564F72197F68700DD27D9 /* PointAnnotationView.swift */ = {isa = PBXFileReference; lastKnownFileType = sourcecode.swift; path = PointAnnotationView.swift; sourceTree = "<group>"; };
		89A564F92197FA1F00DD27D9 /* PulseLayer.swift */ = {isa = PBXFileReference; lastKnownFileType = sourcecode.swift; path = PulseLayer.swift; sourceTree = "<group>"; };
		8B1B0E2F2195F42900735BC7 /* sevcabel.app */ = {isa = PBXFileReference; explicitFileType = wrapper.application; includeInIndex = 0; path = sevcabel.app; sourceTree = BUILT_PRODUCTS_DIR; };
		8B1B0E322195F42900735BC7 /* AppDelegate.swift */ = {isa = PBXFileReference; lastKnownFileType = sourcecode.swift; path = AppDelegate.swift; sourceTree = "<group>"; };
		8B1B0E392195F42B00735BC7 /* Assets.xcassets */ = {isa = PBXFileReference; lastKnownFileType = folder.assetcatalog; path = Assets.xcassets; sourceTree = "<group>"; };
		8B1B0E3C2195F42B00735BC7 /* Base */ = {isa = PBXFileReference; lastKnownFileType = file.storyboard; name = Base; path = Base.lproj/LaunchScreen.storyboard; sourceTree = "<group>"; };
		8B1B0E3E2195F42B00735BC7 /* Info.plist */ = {isa = PBXFileReference; lastKnownFileType = text.plist.xml; path = Info.plist; sourceTree = "<group>"; };
		8B1B0E432195F42B00735BC7 /* sevcabelTests.xctest */ = {isa = PBXFileReference; explicitFileType = wrapper.cfbundle; includeInIndex = 0; path = sevcabelTests.xctest; sourceTree = BUILT_PRODUCTS_DIR; };
		8B1B0E492195F42B00735BC7 /* Info.plist */ = {isa = PBXFileReference; lastKnownFileType = text.plist.xml; path = Info.plist; sourceTree = "<group>"; };
		8B3A7434219661AC00416FDA /* UIView.swift */ = {isa = PBXFileReference; lastKnownFileType = sourcecode.swift; path = UIView.swift; sourceTree = "<group>"; };
		8B6041932196FD98004BBBA8 /* CGImage.swift */ = {isa = PBXFileReference; lastKnownFileType = sourcecode.swift; path = CGImage.swift; sourceTree = "<group>"; };
		8B6041952196FDAD004BBBA8 /* UIImage.swift */ = {isa = PBXFileReference; lastKnownFileType = sourcecode.swift; path = UIImage.swift; sourceTree = "<group>"; };
		8B604197219745ED004BBBA8 /* Constants.swift */ = {isa = PBXFileReference; lastKnownFileType = sourcecode.swift; path = Constants.swift; sourceTree = "<group>"; };
		8B6041992197460A004BBBA8 /* NSNotification.Name.swift */ = {isa = PBXFileReference; lastKnownFileType = sourcecode.swift; path = NSNotification.Name.swift; sourceTree = "<group>"; };
		8B60419B219747DE004BBBA8 /* UserDefaults.swift */ = {isa = PBXFileReference; lastKnownFileType = sourcecode.swift; path = UserDefaults.swift; sourceTree = "<group>"; };
		8B87307721978FF90059D4EA /* User.swift */ = {isa = PBXFileReference; lastKnownFileType = sourcecode.swift; path = User.swift; sourceTree = "<group>"; };
		8B87307A219791920059D4EA /* UIImageView.swift */ = {isa = PBXFileReference; lastKnownFileType = sourcecode.swift; path = UIImageView.swift; sourceTree = "<group>"; };
		8B87307C2197A0750059D4EA /* DrawerCustomTransitionDelegate.swift */ = {isa = PBXFileReference; lastKnownFileType = sourcecode.swift; path = DrawerCustomTransitionDelegate.swift; sourceTree = "<group>"; };
		8B87307F2197A0BF0059D4EA /* DrawerDismissTransition.swift */ = {isa = PBXFileReference; lastKnownFileType = sourcecode.swift; path = DrawerDismissTransition.swift; sourceTree = "<group>"; };
		8B8730812197A0D90059D4EA /* DrawerPresentTransition.swift */ = {isa = PBXFileReference; lastKnownFileType = sourcecode.swift; path = DrawerPresentTransition.swift; sourceTree = "<group>"; };
		8B8730832197ABAB0059D4EA /* StringAttributes.swift */ = {isa = PBXFileReference; lastKnownFileType = sourcecode.swift; path = StringAttributes.swift; sourceTree = "<group>"; };
		8BA619E82196244500375CD9 /* UIViewController.swift */ = {isa = PBXFileReference; lastKnownFileType = sourcecode.swift; path = UIViewController.swift; sourceTree = "<group>"; };
		8BA619EB2196267A00375CD9 /* Switch.swift */ = {isa = PBXFileReference; lastKnownFileType = sourcecode.swift; path = Switch.swift; sourceTree = "<group>"; };
		8BA619ED2196303D00375CD9 /* Pager.swift */ = {isa = PBXFileReference; lastKnownFileType = sourcecode.swift; path = Pager.swift; sourceTree = "<group>"; };
		8BA619EF2196390000375CD9 /* FeedTableViewAdapter.swift */ = {isa = PBXFileReference; lastKnownFileType = sourcecode.swift; path = FeedTableViewAdapter.swift; sourceTree = "<group>"; };
		8BA619F2219639CC00375CD9 /* FeedItem.swift */ = {isa = PBXFileReference; lastKnownFileType = sourcecode.swift; path = FeedItem.swift; sourceTree = "<group>"; };
		8BA619F6219639F400375CD9 /* FeedItemTableViewCell.swift */ = {isa = PBXFileReference; lastKnownFileType = sourcecode.swift; path = FeedItemTableViewCell.swift; sourceTree = "<group>"; };
		8BA619F7219639F400375CD9 /* FeedItemTableViewCell.xib */ = {isa = PBXFileReference; lastKnownFileType = file.xib; path = FeedItemTableViewCell.xib; sourceTree = "<group>"; };
		8BA619FA21963B7900375CD9 /* UITableView.swift */ = {isa = PBXFileReference; lastKnownFileType = sourcecode.swift; path = UITableView.swift; sourceTree = "<group>"; };
		8BA619FC21963B8D00375CD9 /* NSObject.swift */ = {isa = PBXFileReference; lastKnownFileType = sourcecode.swift; path = NSObject.swift; sourceTree = "<group>"; };
		8BA619FE21963DE600375CD9 /* FeedBlockViewController.swift */ = {isa = PBXFileReference; lastKnownFileType = sourcecode.swift; path = FeedBlockViewController.swift; sourceTree = "<group>"; };
		8BA61A0621964D9000375CD9 /* TabBar.swift */ = {isa = PBXFileReference; lastKnownFileType = sourcecode.swift; path = TabBar.swift; sourceTree = "<group>"; };
		8BA61A0A21965DAE00375CD9 /* ProfileHeaderView.swift */ = {isa = PBXFileReference; lastKnownFileType = sourcecode.swift; path = ProfileHeaderView.swift; sourceTree = "<group>"; };
		8BA61A0C21965DC300375CD9 /* ProfileHeaderView.xib */ = {isa = PBXFileReference; lastKnownFileType = file.xib; path = ProfileHeaderView.xib; sourceTree = "<group>"; };
		97D5ADD98DB4D135B6BDAAF8 /* IdentifierViewController.swift */ = {isa = PBXFileReference; includeInIndex = 1; lastKnownFileType = sourcecode.swift; path = IdentifierViewController.swift; sourceTree = "<group>"; };
		BE4325475F9ADCEDCB6E3135 /* Pods-sevcabel.release.xcconfig */ = {isa = PBXFileReference; includeInIndex = 1; lastKnownFileType = text.xcconfig; name = "Pods-sevcabel.release.xcconfig"; path = "Pods/Target Support Files/Pods-sevcabel/Pods-sevcabel.release.xcconfig"; sourceTree = "<group>"; };
		BFF1F064516FD97D30FB9D40 /* MapViewController.swift */ = {isa = PBXFileReference; includeInIndex = 1; lastKnownFileType = sourcecode.swift; path = MapViewController.swift; sourceTree = "<group>"; };
		C3BE5821EF9B2F374116E894 /* AuthorizationViewController.storyboard */ = {isa = PBXFileReference; includeInIndex = 1; lastKnownFileType = file.storyboard; path = AuthorizationViewController.storyboard; sourceTree = "<group>"; };
		C3F5A3B4DC2B8F1A35A819B3 /* ProfileViewController.storyboard */ = {isa = PBXFileReference; includeInIndex = 1; lastKnownFileType = file.storyboard; path = ProfileViewController.storyboard; sourceTree = "<group>"; };
		D1080304847A3B28D57B7E7D /* AuthorizationViewController.swift */ = {isa = PBXFileReference; includeInIndex = 1; lastKnownFileType = sourcecode.swift; path = AuthorizationViewController.swift; sourceTree = "<group>"; };
		E753788EAD2468C36601D426 /* Pods-sevcabelTests.debug.xcconfig */ = {isa = PBXFileReference; includeInIndex = 1; lastKnownFileType = text.xcconfig; name = "Pods-sevcabelTests.debug.xcconfig"; path = "Pods/Target Support Files/Pods-sevcabelTests/Pods-sevcabelTests.debug.xcconfig"; sourceTree = "<group>"; };
		EEA41C1F88FBA909723CB39C /* FeedViewController.storyboard */ = {isa = PBXFileReference; includeInIndex = 1; lastKnownFileType = file.storyboard; path = FeedViewController.storyboard; sourceTree = "<group>"; };
		F6312BE3A18C97F732B1F913 /* SuccessfullyRegisteredViewController.swift */ = {isa = PBXFileReference; includeInIndex = 1; lastKnownFileType = sourcecode.swift; path = SuccessfullyRegisteredViewController.swift; sourceTree = "<group>"; };
/* End PBXFileReference section */

/* Begin PBXFrameworksBuildPhase section */
		8B1B0E2C2195F42900735BC7 /* Frameworks */ = {
			isa = PBXFrameworksBuildPhase;
			buildActionMask = 2147483647;
			files = (
				4C603563BE504E65FFAAE7B9 /* Pods_sevcabel.framework in Frameworks */,
			);
			runOnlyForDeploymentPostprocessing = 0;
		};
		8B1B0E402195F42B00735BC7 /* Frameworks */ = {
			isa = PBXFrameworksBuildPhase;
			buildActionMask = 2147483647;
			files = (
				0E3175412FAF54B76E25B5B9 /* Pods_sevcabelTests.framework in Frameworks */,
			);
			runOnlyForDeploymentPostprocessing = 0;
		};
/* End PBXFrameworksBuildPhase section */

/* Begin PBXGroup section */
		14F14B36ADA5B25A148653D2 /* FeedItemDetail */ = {
			isa = PBXGroup;
			children = (
				804C24A888A77415E6E8695C /* View */,
			);
			path = FeedItemDetail;
			sourceTree = "<group>";
		};
		31A6074C2197AC55008F49C1 /* Model */ = {
			isa = PBXGroup;
			children = (
				31A6074D2197AC60008F49C1 /* FirebaseDatabase.swift */,
			);
			path = Model;
			sourceTree = "<group>";
		};
		31A6074F2197AD1D008F49C1 /* ARMap */ = {
			isa = PBXGroup;
			children = (
				31A607502197AD24008F49C1 /* View */,
			);
			path = ARMap;
			sourceTree = "<group>";
		};
		31A607502197AD24008F49C1 /* View */ = {
			isa = PBXGroup;
			children = (
				31A6075A2197ADCC008F49C1 /* TextCardNode.swift */,
				31A607512197AD43008F49C1 /* ARMapViewController.swift */,
				31A607522197AD43008F49C1 /* ARMapViewController.xib */,
			);
			path = View;
			sourceTree = "<group>";
		};
		31A607552197ADA4008F49C1 /* Utils */ = {
			isa = PBXGroup;
			children = (
				31A607582197ADB6008F49C1 /* AppleSpeechKitManager.swift */,
				31A607562197ADAE008F49C1 /* AttitudeSwitcher.swift */,
			);
			path = Utils;
			sourceTree = "<group>";
		};
		32DCBCBAAA78C00F610BE3A6 /* Feed */ = {
			isa = PBXGroup;
			children = (
				39EC0DA9B6AEE82B59397263 /* View */,
			);
			path = Feed;
			sourceTree = "<group>";
		};
		39EC0DA9B6AEE82B59397263 /* View */ = {
			isa = PBXGroup;
			children = (
				5A41184B5D3F30845B8BA30F /* FeedViewController.swift */,
				EEA41C1F88FBA909723CB39C /* FeedViewController.storyboard */,
			);
			path = View;
			sourceTree = "<group>";
		};
		3FB9DC80F21B0BFD7C0F7ED6 /* Pods */ = {
			isa = PBXGroup;
			children = (
				73234F0192126586EBE6F28E /* Pods-sevcabel.debug.xcconfig */,
				BE4325475F9ADCEDCB6E3135 /* Pods-sevcabel.release.xcconfig */,
				E753788EAD2468C36601D426 /* Pods-sevcabelTests.debug.xcconfig */,
				03201A4EB539F25669F8CA2C /* Pods-sevcabelTests.release.xcconfig */,
			);
			name = Pods;
			sourceTree = "<group>";
		};
		6E8867A34CE2BC02C22FB157 /* View */ = {
			isa = PBXGroup;
			children = (
				89A564F02197D1A900DD27D9 /* Helper */,
				8933A0672197ACD000935313 /* Annotation */,
				BFF1F064516FD97D30FB9D40 /* MapViewController.swift */,
				4A89BD8794D299ED698DE5C4 /* MapViewController.storyboard */,
			);
			path = View;
			sourceTree = "<group>";
		};
		7725E1D228FA7EB5B1A78DB7 /* Frameworks */ = {
			isa = PBXGroup;
			children = (
				3E349266AC8083161E0C3060 /* Pods_sevcabel.framework */,
				433A64EA9E497A368E12729C /* Pods_sevcabelTests.framework */,
			);
			name = Frameworks;
			sourceTree = "<group>";
		};
		788D9FE3BAA23E14668EE360 /* Identifier */ = {
			isa = PBXGroup;
			children = (
				CF627A577143568F419F6A5A /* View */,
			);
			path = Identifier;
			sourceTree = "<group>";
		};
		804C24A888A77415E6E8695C /* View */ = {
			isa = PBXGroup;
			children = (
				87D31F1BD2186269F58788A7 /* FeedItemDetailViewController.swift */,
				4A1E92A03C850F26CE380563 /* FeedItemDetailViewController.storyboard */,
			);
			path = View;
			sourceTree = "<group>";
		};
		8933A0672197ACD000935313 /* Annotation */ = {
			isa = PBXGroup;
			children = (
				8933A0652197ACCC00935313 /* PointAnnotation.swift */,
				89A564F72197F68700DD27D9 /* PointAnnotationView.swift */,
			);
			path = Annotation;
			sourceTree = "<group>";
		};
		89A564F02197D1A900DD27D9 /* Helper */ = {
			isa = PBXGroup;
			children = (
				89A564EE2197D1A500DD27D9 /* Zoom.swift */,
				89A564F92197FA1F00DD27D9 /* PulseLayer.swift */,
			);
			path = Helper;
			sourceTree = "<group>";
		};
		8B1B0E262195F42900735BC7 = {
			isa = PBXGroup;
			children = (
				8B1B0E312195F42900735BC7 /* sevcabel */,
				8B1B0E462195F42B00735BC7 /* sevcabelTests */,
				8B1B0E302195F42900735BC7 /* Products */,
				3FB9DC80F21B0BFD7C0F7ED6 /* Pods */,
				7725E1D228FA7EB5B1A78DB7 /* Frameworks */,
			);
			sourceTree = "<group>";
		};
		8B1B0E302195F42900735BC7 /* Products */ = {
			isa = PBXGroup;
			children = (
				8B1B0E2F2195F42900735BC7 /* sevcabel.app */,
				8B1B0E432195F42B00735BC7 /* sevcabelTests.xctest */,
			);
			name = Products;
			sourceTree = "<group>";
		};
		8B1B0E312195F42900735BC7 /* sevcabel */ = {
			isa = PBXGroup;
			children = (
				31A607552197ADA4008F49C1 /* Utils */,
				31A6074C2197AC55008F49C1 /* Model */,
				8B1B0E522195F47300735BC7 /* Application */,
				8B873079219790000059D4EA /* Entities */,
				8BA619EA2196244B00375CD9 /* Extensions */,
				8BA61A0021964BD600375CD9 /* Reuse */,
				8B1B0E542195F48100735BC7 /* Screens */,
				8B1B0E532195F47800735BC7 /* Resources */,
			);
			path = sevcabel;
			sourceTree = "<group>";
		};
		8B1B0E462195F42B00735BC7 /* sevcabelTests */ = {
			isa = PBXGroup;
			children = (
				8B1B0E492195F42B00735BC7 /* Info.plist */,
			);
			path = sevcabelTests;
			sourceTree = "<group>";
		};
		8B1B0E522195F47300735BC7 /* Application */ = {
			isa = PBXGroup;
			children = (
				8B1B0E322195F42900735BC7 /* AppDelegate.swift */,
				8B1B0E3B2195F42B00735BC7 /* LaunchScreen.storyboard */,
				8B1B0E3E2195F42B00735BC7 /* Info.plist */,
				31A6075C2197B255008F49C1 /* GoogleService-Info.plist */,
			);
			path = Application;
			sourceTree = "<group>";
		};
		8B1B0E532195F47800735BC7 /* Resources */ = {
			isa = PBXGroup;
			children = (
				8B1B0E392195F42B00735BC7 /* Assets.xcassets */,
				8B604197219745ED004BBBA8 /* Constants.swift */,
			);
			path = Resources;
			sourceTree = "<group>";
		};
		8B1B0E542195F48100735BC7 /* Screens */ = {
			isa = PBXGroup;
			children = (
				31A6074F2197AD1D008F49C1 /* ARMap */,
				A193CA59B9398A44BE5417CA /* Map */,
				BB0974E24931AF9CE7FE64EE /* Authorization */,
				32DCBCBAAA78C00F610BE3A6 /* Feed */,
				14F14B36ADA5B25A148653D2 /* FeedItemDetail */,
				EB89B249BF39576AA8A23C13 /* Profile */,
				8BA61A0621964D9000375CD9 /* TabBar.swift */,
				788D9FE3BAA23E14668EE360 /* Identifier */,
				D569754D796260A9AED5E799 /* SuccessfullyRegistered */,
			);
			path = Screens;
			sourceTree = "<group>";
		};
		8B873079219790000059D4EA /* Entities */ = {
			isa = PBXGroup;
			children = (
				8BA619F2219639CC00375CD9 /* FeedItem.swift */,
				31A6074A2197AC52008F49C1 /* GeoItem.swift */,
				8B87307721978FF90059D4EA /* User.swift */,
			);
			path = Entities;
			sourceTree = "<group>";
		};
		8B87307E2197A07E0059D4EA /* DrawerTransition */ = {
			isa = PBXGroup;
			children = (
				8B87307C2197A0750059D4EA /* DrawerCustomTransitionDelegate.swift */,
				8B87307F2197A0BF0059D4EA /* DrawerDismissTransition.swift */,
				8B8730812197A0D90059D4EA /* DrawerPresentTransition.swift */,
			);
			path = DrawerTransition;
			sourceTree = "<group>";
		};
		8BA619EA2196244B00375CD9 /* Extensions */ = {
			isa = PBXGroup;
			children = (
				8BA619E82196244500375CD9 /* UIViewController.swift */,
				8B3A7434219661AC00416FDA /* UIView.swift */,
				8BA619FA21963B7900375CD9 /* UITableView.swift */,
				8BA619FC21963B8D00375CD9 /* NSObject.swift */,
				8B6041932196FD98004BBBA8 /* CGImage.swift */,
				8B6041992197460A004BBBA8 /* NSNotification.Name.swift */,
				8B60419B219747DE004BBBA8 /* UserDefaults.swift */,
				8B6041952196FDAD004BBBA8 /* UIImage.swift */,
				8B87307A219791920059D4EA /* UIImageView.swift */,
				8B8730832197ABAB0059D4EA /* StringAttributes.swift */,
			);
			path = Extensions;
			sourceTree = "<group>";
		};
		8BA61A0021964BD600375CD9 /* Reuse */ = {
			isa = PBXGroup;
			children = (
				8B87307E2197A07E0059D4EA /* DrawerTransition */,
				8BA619ED2196303D00375CD9 /* Pager.swift */,
				8BA619EB2196267A00375CD9 /* Switch.swift */,
				8BA61A0221964BEC00375CD9 /* Feed */,
			);
			path = Reuse;
			sourceTree = "<group>";
		};
		8BA61A0221964BEC00375CD9 /* Feed */ = {
			isa = PBXGroup;
			children = (
				8BA61A0421964C0600375CD9 /* View */,
			);
			path = Feed;
			sourceTree = "<group>";
		};
		8BA61A0421964C0600375CD9 /* View */ = {
			isa = PBXGroup;
			children = (
				8BA61A0521964C0F00375CD9 /* Cell */,
				8BA619FE21963DE600375CD9 /* FeedBlockViewController.swift */,
				8BA619EF2196390000375CD9 /* FeedTableViewAdapter.swift */,
			);
			path = View;
			sourceTree = "<group>";
		};
		8BA61A0521964C0F00375CD9 /* Cell */ = {
			isa = PBXGroup;
			children = (
				8BA619F6219639F400375CD9 /* FeedItemTableViewCell.swift */,
				8BA619F7219639F400375CD9 /* FeedItemTableViewCell.xib */,
			);
			path = Cell;
			sourceTree = "<group>";
		};
		993A61DDA97A716CD482093D /* View */ = {
			isa = PBXGroup;
			children = (
				6B3FF405944B1D96F0841A7D /* ProfileViewController.swift */,
				C3F5A3B4DC2B8F1A35A819B3 /* ProfileViewController.storyboard */,
				8BA61A0A21965DAE00375CD9 /* ProfileHeaderView.swift */,
				8BA61A0C21965DC300375CD9 /* ProfileHeaderView.xib */,
			);
			path = View;
			sourceTree = "<group>";
		};
		A193CA59B9398A44BE5417CA /* Map */ = {
			isa = PBXGroup;
			children = (
				6E8867A34CE2BC02C22FB157 /* View */,
			);
			path = Map;
			sourceTree = "<group>";
		};
		BB0974E24931AF9CE7FE64EE /* Authorization */ = {
			isa = PBXGroup;
			children = (
				C0D3D4FAC58E32A27AF05A66 /* View */,
			);
			path = Authorization;
			sourceTree = "<group>";
		};
		C0D3D4FAC58E32A27AF05A66 /* View */ = {
			isa = PBXGroup;
			children = (
				D1080304847A3B28D57B7E7D /* AuthorizationViewController.swift */,
				C3BE5821EF9B2F374116E894 /* AuthorizationViewController.storyboard */,
			);
			path = View;
			sourceTree = "<group>";
		};
		C31F260F3B3586A1FE8D6CED /* View */ = {
			isa = PBXGroup;
			children = (
				F6312BE3A18C97F732B1F913 /* SuccessfullyRegisteredViewController.swift */,
				68DF6BCD371BB4E86EAC9183 /* SuccessfullyRegisteredViewController.storyboard */,
			);
			path = View;
			sourceTree = "<group>";
		};
		CF627A577143568F419F6A5A /* View */ = {
			isa = PBXGroup;
			children = (
				97D5ADD98DB4D135B6BDAAF8 /* IdentifierViewController.swift */,
				24E135AE2FC43607F203526F /* IdentifierViewController.storyboard */,
			);
			path = View;
			sourceTree = "<group>";
		};
		D569754D796260A9AED5E799 /* SuccessfullyRegistered */ = {
			isa = PBXGroup;
			children = (
				C31F260F3B3586A1FE8D6CED /* View */,
			);
			path = SuccessfullyRegistered;
			sourceTree = "<group>";
		};
		EB89B249BF39576AA8A23C13 /* Profile */ = {
			isa = PBXGroup;
			children = (
				993A61DDA97A716CD482093D /* View */,
			);
			path = Profile;
			sourceTree = "<group>";
		};
/* End PBXGroup section */

/* Begin PBXNativeTarget section */
		8B1B0E2E2195F42900735BC7 /* sevcabel */ = {
			isa = PBXNativeTarget;
			buildConfigurationList = 8B1B0E4C2195F42B00735BC7 /* Build configuration list for PBXNativeTarget "sevcabel" */;
			buildPhases = (
				D6E01ADB6B70699AEA35532D /* [CP] Check Pods Manifest.lock */,
				8B1B0E2B2195F42900735BC7 /* Sources */,
				8B1B0E2C2195F42900735BC7 /* Frameworks */,
				8B1B0E2D2195F42900735BC7 /* Resources */,
				B5A5A958849CE4C05D71025B /* [CP] Embed Pods Frameworks */,
			);
			buildRules = (
			);
			dependencies = (
			);
			name = sevcabel;
			productName = sevcabel;
			productReference = 8B1B0E2F2195F42900735BC7 /* sevcabel.app */;
			productType = "com.apple.product-type.application";
		};
		8B1B0E422195F42B00735BC7 /* sevcabelTests */ = {
			isa = PBXNativeTarget;
			buildConfigurationList = 8B1B0E4F2195F42B00735BC7 /* Build configuration list for PBXNativeTarget "sevcabelTests" */;
			buildPhases = (
				8D85ED00F5395D6802DAF908 /* [CP] Check Pods Manifest.lock */,
				8B1B0E3F2195F42B00735BC7 /* Sources */,
				8B1B0E402195F42B00735BC7 /* Frameworks */,
				8B1B0E412195F42B00735BC7 /* Resources */,
			);
			buildRules = (
			);
			dependencies = (
				8B1B0E452195F42B00735BC7 /* PBXTargetDependency */,
			);
			name = sevcabelTests;
			productName = sevcabelTests;
			productReference = 8B1B0E432195F42B00735BC7 /* sevcabelTests.xctest */;
			productType = "com.apple.product-type.bundle.unit-test";
		};
/* End PBXNativeTarget section */

/* Begin PBXProject section */
		8B1B0E272195F42900735BC7 /* Project object */ = {
			isa = PBXProject;
			attributes = {
				LastSwiftUpdateCheck = 1000;
				LastUpgradeCheck = 1000;
				ORGANIZATIONNAME = "Ivan Smetanin";
				TargetAttributes = {
					8B1B0E2E2195F42900735BC7 = {
						CreatedOnToolsVersion = 10.0;
					};
					8B1B0E422195F42B00735BC7 = {
						CreatedOnToolsVersion = 10.0;
						TestTargetID = 8B1B0E2E2195F42900735BC7;
					};
				};
			};
			buildConfigurationList = 8B1B0E2A2195F42900735BC7 /* Build configuration list for PBXProject "sevcabel" */;
			compatibilityVersion = "Xcode 9.3";
			developmentRegion = en;
			hasScannedForEncodings = 0;
			knownRegions = (
				en,
				Base,
			);
			mainGroup = 8B1B0E262195F42900735BC7;
			productRefGroup = 8B1B0E302195F42900735BC7 /* Products */;
			projectDirPath = "";
			projectRoot = "";
			targets = (
				8B1B0E2E2195F42900735BC7 /* sevcabel */,
				8B1B0E422195F42B00735BC7 /* sevcabelTests */,
			);
		};
/* End PBXProject section */

/* Begin PBXResourcesBuildPhase section */
		8B1B0E2D2195F42900735BC7 /* Resources */ = {
			isa = PBXResourcesBuildPhase;
			buildActionMask = 2147483647;
			files = (
				8B1B0E3D2195F42B00735BC7 /* LaunchScreen.storyboard in Resources */,
				31A6075D2197B256008F49C1 /* GoogleService-Info.plist in Resources */,
				8B1B0E3A2195F42B00735BC7 /* Assets.xcassets in Resources */,
				779D645539E44978933BAE5C /* MapViewController.storyboard in Resources */,
				8BA61A0D21965DC300375CD9 /* ProfileHeaderView.xib in Resources */,
				610EDEBA741623156B12B33E /* FeedViewController.storyboard in Resources */,
				8BA619F9219639F400375CD9 /* FeedItemTableViewCell.xib in Resources */,
				87A2A2F1176B4B640E51F9E7 /* AuthorizationViewController.storyboard in Resources */,
				72F9E9A070F890E336940BE6 /* ProfileViewController.storyboard in Resources */,
				31A607542197AD43008F49C1 /* ARMapViewController.xib in Resources */,
				C28834B521A1532E2DDF8683 /* FeedItemDetailViewController.storyboard in Resources */,
				5E775AD8EE9F6FD9C5B37FD5 /* IdentifierViewController.storyboard in Resources */,
				64BDE621D4A428599F1CB125 /* SuccessfullyRegisteredViewController.storyboard in Resources */,
			);
			runOnlyForDeploymentPostprocessing = 0;
		};
		8B1B0E412195F42B00735BC7 /* Resources */ = {
			isa = PBXResourcesBuildPhase;
			buildActionMask = 2147483647;
			files = (
			);
			runOnlyForDeploymentPostprocessing = 0;
		};
/* End PBXResourcesBuildPhase section */

/* Begin PBXShellScriptBuildPhase section */
		8D85ED00F5395D6802DAF908 /* [CP] Check Pods Manifest.lock */ = {
			isa = PBXShellScriptBuildPhase;
			buildActionMask = 2147483647;
			files = (
			);
			inputFileListPaths = (
			);
			inputPaths = (
				"${PODS_PODFILE_DIR_PATH}/Podfile.lock",
				"${PODS_ROOT}/Manifest.lock",
			);
			name = "[CP] Check Pods Manifest.lock";
			outputFileListPaths = (
			);
			outputPaths = (
				"$(DERIVED_FILE_DIR)/Pods-sevcabelTests-checkManifestLockResult.txt",
			);
			runOnlyForDeploymentPostprocessing = 0;
			shellPath = /bin/sh;
			shellScript = "diff \"${PODS_PODFILE_DIR_PATH}/Podfile.lock\" \"${PODS_ROOT}/Manifest.lock\" > /dev/null\nif [ $? != 0 ] ; then\n    # print error to STDERR\n    echo \"error: The sandbox is not in sync with the Podfile.lock. Run 'pod install' or update your CocoaPods installation.\" >&2\n    exit 1\nfi\n# This output is used by Xcode 'outputs' to avoid re-running this script phase.\necho \"SUCCESS\" > \"${SCRIPT_OUTPUT_FILE_0}\"\n";
			showEnvVarsInLog = 0;
		};
		B5A5A958849CE4C05D71025B /* [CP] Embed Pods Frameworks */ = {
			isa = PBXShellScriptBuildPhase;
			buildActionMask = 2147483647;
			files = (
			);
			inputFileListPaths = (
			);
			inputPaths = (
				"${SRCROOT}/Pods/Target Support Files/Pods-sevcabel/Pods-sevcabel-frameworks.sh",
				"${BUILT_PRODUCTS_DIR}/ARCL/ARCL.framework",
				"${BUILT_PRODUCTS_DIR}/CodableFirebase/CodableFirebase.framework",
				"${BUILT_PRODUCTS_DIR}/GoogleUtilities/GoogleUtilities.framework",
				"${PODS_ROOT}/Mapbox-iOS-SDK/dynamic/Mapbox.framework",
				"${PODS_ROOT}/Mapbox-iOS-SDK/dynamic/Mapbox.framework.dSYM",
				"${BUILT_PRODUCTS_DIR}/Nuke/Nuke.framework",
				"${BUILT_PRODUCTS_DIR}/SwiftyVK/SwiftyVK.framework",
				"${BUILT_PRODUCTS_DIR}/VK-ios-sdk/VK_ios_sdk.framework",
				"${BUILT_PRODUCTS_DIR}/leveldb-library/leveldb.framework",
				"${BUILT_PRODUCTS_DIR}/nanopb/nanopb.framework",
			);
			name = "[CP] Embed Pods Frameworks";
			outputFileListPaths = (
			);
			outputPaths = (
				"${TARGET_BUILD_DIR}/${FRAMEWORKS_FOLDER_PATH}/ARCL.framework",
				"${TARGET_BUILD_DIR}/${FRAMEWORKS_FOLDER_PATH}/CodableFirebase.framework",
				"${TARGET_BUILD_DIR}/${FRAMEWORKS_FOLDER_PATH}/GoogleUtilities.framework",
				"${TARGET_BUILD_DIR}/${FRAMEWORKS_FOLDER_PATH}/Mapbox.framework",
				"${DWARF_DSYM_FOLDER_PATH}/Mapbox.framework.dSYM",
				"${TARGET_BUILD_DIR}/${FRAMEWORKS_FOLDER_PATH}/Nuke.framework",
				"${TARGET_BUILD_DIR}/${FRAMEWORKS_FOLDER_PATH}/SwiftyVK.framework",
				"${TARGET_BUILD_DIR}/${FRAMEWORKS_FOLDER_PATH}/VK_ios_sdk.framework",
				"${TARGET_BUILD_DIR}/${FRAMEWORKS_FOLDER_PATH}/leveldb.framework",
				"${TARGET_BUILD_DIR}/${FRAMEWORKS_FOLDER_PATH}/nanopb.framework",
			);
			runOnlyForDeploymentPostprocessing = 0;
			shellPath = /bin/sh;
			shellScript = "\"${SRCROOT}/Pods/Target Support Files/Pods-sevcabel/Pods-sevcabel-frameworks.sh\"\n";
			showEnvVarsInLog = 0;
		};
		D6E01ADB6B70699AEA35532D /* [CP] Check Pods Manifest.lock */ = {
			isa = PBXShellScriptBuildPhase;
			buildActionMask = 2147483647;
			files = (
			);
			inputFileListPaths = (
			);
			inputPaths = (
				"${PODS_PODFILE_DIR_PATH}/Podfile.lock",
				"${PODS_ROOT}/Manifest.lock",
			);
			name = "[CP] Check Pods Manifest.lock";
			outputFileListPaths = (
			);
			outputPaths = (
				"$(DERIVED_FILE_DIR)/Pods-sevcabel-checkManifestLockResult.txt",
			);
			runOnlyForDeploymentPostprocessing = 0;
			shellPath = /bin/sh;
			shellScript = "diff \"${PODS_PODFILE_DIR_PATH}/Podfile.lock\" \"${PODS_ROOT}/Manifest.lock\" > /dev/null\nif [ $? != 0 ] ; then\n    # print error to STDERR\n    echo \"error: The sandbox is not in sync with the Podfile.lock. Run 'pod install' or update your CocoaPods installation.\" >&2\n    exit 1\nfi\n# This output is used by Xcode 'outputs' to avoid re-running this script phase.\necho \"SUCCESS\" > \"${SCRIPT_OUTPUT_FILE_0}\"\n";
			showEnvVarsInLog = 0;
		};
/* End PBXShellScriptBuildPhase section */

/* Begin PBXSourcesBuildPhase section */
		8B1B0E2B2195F42900735BC7 /* Sources */ = {
			isa = PBXSourcesBuildPhase;
			buildActionMask = 2147483647;
			files = (
				8B3A7435219661AC00416FDA /* UIView.swift in Sources */,
				8B6041942196FD98004BBBA8 /* CGImage.swift in Sources */,
				8B1B0E332195F42900735BC7 /* AppDelegate.swift in Sources */,
				31A607532197AD43008F49C1 /* ARMapViewController.swift in Sources */,
				3C10679FD4927776F1066544 /* MapViewController.swift in Sources */,
				8BA619F02196390000375CD9 /* FeedTableViewAdapter.swift in Sources */,
				8BA619EC2196267A00375CD9 /* Switch.swift in Sources */,
				31A6074B2197AC52008F49C1 /* GeoItem.swift in Sources */,
				31A607572197ADAE008F49C1 /* AttitudeSwitcher.swift in Sources */,
				31A6074E2197AC60008F49C1 /* FirebaseDatabase.swift in Sources */,
				8BA61A0721964D9000375CD9 /* TabBar.swift in Sources */,
				31A607592197ADB6008F49C1 /* AppleSpeechKitManager.swift in Sources */,
				8BA619EE2196303D00375CD9 /* Pager.swift in Sources */,
				8BA619F8219639F400375CD9 /* FeedItemTableViewCell.swift in Sources */,
				8BA619FB21963B7900375CD9 /* UITableView.swift in Sources */,
				8BA61A0B21965DAE00375CD9 /* ProfileHeaderView.swift in Sources */,
				8933A0662197ACCC00935313 /* PointAnnotation.swift in Sources */,
				630EF828B67AB9E8B2B45FC2 /* FeedViewController.swift in Sources */,
				8BA619FF21963DE600375CD9 /* FeedBlockViewController.swift in Sources */,
				89A564FA2197FA1F00DD27D9 /* PulseLayer.swift in Sources */,
				8BA619FD21963B8D00375CD9 /* NSObject.swift in Sources */,
				89A564EF2197D1A500DD27D9 /* Zoom.swift in Sources */,
				8B60419A2197460A004BBBA8 /* NSNotification.Name.swift in Sources */,
				8B60419C219747DE004BBBA8 /* UserDefaults.swift in Sources */,
				8B8730802197A0BF0059D4EA /* DrawerDismissTransition.swift in Sources */,
				8BA619F3219639CC00375CD9 /* FeedItem.swift in Sources */,
				89A564F82197F68700DD27D9 /* PointAnnotationView.swift in Sources */,
				8B8730822197A0D90059D4EA /* DrawerPresentTransition.swift in Sources */,
				8B87307B219791920059D4EA /* UIImageView.swift in Sources */,
				31A6075B2197ADCC008F49C1 /* TextCardNode.swift in Sources */,
				8BA619E92196244500375CD9 /* UIViewController.swift in Sources */,
				8B604198219745ED004BBBA8 /* Constants.swift in Sources */,
				107C7DB0E2690EBBD17E9B1F /* AuthorizationViewController.swift in Sources */,
				8B8730842197ABAB0059D4EA /* StringAttributes.swift in Sources */,
				8B6041962196FDAD004BBBA8 /* UIImage.swift in Sources */,
				FFBE45CA1A321578D3227C3E /* ProfileViewController.swift in Sources */,
				B2CD82941B380DE1F75751BA /* FeedItemDetailViewController.swift in Sources */,
				8B87307821978FF90059D4EA /* User.swift in Sources */,
				96E14A9B4D6A602932EC813C /* IdentifierViewController.swift in Sources */,
				8B87307D2197A0750059D4EA /* DrawerCustomTransitionDelegate.swift in Sources */,
				39CD81B5137FA2A3EC8BF592 /* SuccessfullyRegisteredViewController.swift in Sources */,
			);
			runOnlyForDeploymentPostprocessing = 0;
		};
		8B1B0E3F2195F42B00735BC7 /* Sources */ = {
			isa = PBXSourcesBuildPhase;
			buildActionMask = 2147483647;
			files = (
			);
			runOnlyForDeploymentPostprocessing = 0;
		};
/* End PBXSourcesBuildPhase section */

/* Begin PBXTargetDependency section */
		8B1B0E452195F42B00735BC7 /* PBXTargetDependency */ = {
			isa = PBXTargetDependency;
			target = 8B1B0E2E2195F42900735BC7 /* sevcabel */;
			targetProxy = 8B1B0E442195F42B00735BC7 /* PBXContainerItemProxy */;
		};
/* End PBXTargetDependency section */

/* Begin PBXVariantGroup section */
		8B1B0E3B2195F42B00735BC7 /* LaunchScreen.storyboard */ = {
			isa = PBXVariantGroup;
			children = (
				8B1B0E3C2195F42B00735BC7 /* Base */,
			);
			name = LaunchScreen.storyboard;
			sourceTree = "<group>";
		};
/* End PBXVariantGroup section */

/* Begin XCBuildConfiguration section */
		8B1B0E4A2195F42B00735BC7 /* Debug */ = {
			isa = XCBuildConfiguration;
			buildSettings = {
				ALWAYS_SEARCH_USER_PATHS = NO;
				CLANG_ANALYZER_NONNULL = YES;
				CLANG_ANALYZER_NUMBER_OBJECT_CONVERSION = YES_AGGRESSIVE;
				CLANG_CXX_LANGUAGE_STANDARD = "gnu++14";
				CLANG_CXX_LIBRARY = "libc++";
				CLANG_ENABLE_MODULES = YES;
				CLANG_ENABLE_OBJC_ARC = YES;
				CLANG_ENABLE_OBJC_WEAK = YES;
				CLANG_WARN_BLOCK_CAPTURE_AUTORELEASING = YES;
				CLANG_WARN_BOOL_CONVERSION = YES;
				CLANG_WARN_COMMA = YES;
				CLANG_WARN_CONSTANT_CONVERSION = YES;
				CLANG_WARN_DEPRECATED_OBJC_IMPLEMENTATIONS = YES;
				CLANG_WARN_DIRECT_OBJC_ISA_USAGE = YES_ERROR;
				CLANG_WARN_DOCUMENTATION_COMMENTS = YES;
				CLANG_WARN_EMPTY_BODY = YES;
				CLANG_WARN_ENUM_CONVERSION = YES;
				CLANG_WARN_INFINITE_RECURSION = YES;
				CLANG_WARN_INT_CONVERSION = YES;
				CLANG_WARN_NON_LITERAL_NULL_CONVERSION = YES;
				CLANG_WARN_OBJC_IMPLICIT_RETAIN_SELF = YES;
				CLANG_WARN_OBJC_LITERAL_CONVERSION = YES;
				CLANG_WARN_OBJC_ROOT_CLASS = YES_ERROR;
				CLANG_WARN_RANGE_LOOP_ANALYSIS = YES;
				CLANG_WARN_STRICT_PROTOTYPES = YES;
				CLANG_WARN_SUSPICIOUS_MOVE = YES;
				CLANG_WARN_UNGUARDED_AVAILABILITY = YES_AGGRESSIVE;
				CLANG_WARN_UNREACHABLE_CODE = YES;
				CLANG_WARN__DUPLICATE_METHOD_MATCH = YES;
				CODE_SIGN_IDENTITY = "iPhone Developer";
				COPY_PHASE_STRIP = NO;
				DEBUG_INFORMATION_FORMAT = dwarf;
				ENABLE_STRICT_OBJC_MSGSEND = YES;
				ENABLE_TESTABILITY = YES;
				GCC_C_LANGUAGE_STANDARD = gnu11;
				GCC_DYNAMIC_NO_PIC = NO;
				GCC_NO_COMMON_BLOCKS = YES;
				GCC_OPTIMIZATION_LEVEL = 0;
				GCC_PREPROCESSOR_DEFINITIONS = (
					"DEBUG=1",
					"$(inherited)",
				);
				GCC_WARN_64_TO_32_BIT_CONVERSION = YES;
				GCC_WARN_ABOUT_RETURN_TYPE = YES_ERROR;
				GCC_WARN_UNDECLARED_SELECTOR = YES;
				GCC_WARN_UNINITIALIZED_AUTOS = YES_AGGRESSIVE;
				GCC_WARN_UNUSED_FUNCTION = YES;
				GCC_WARN_UNUSED_VARIABLE = YES;
				IPHONEOS_DEPLOYMENT_TARGET = 11.0;
				MTL_ENABLE_DEBUG_INFO = INCLUDE_SOURCE;
				MTL_FAST_MATH = YES;
				ONLY_ACTIVE_ARCH = YES;
				SDKROOT = iphoneos;
				SWIFT_ACTIVE_COMPILATION_CONDITIONS = DEBUG;
				SWIFT_OPTIMIZATION_LEVEL = "-Onone";
			};
			name = Debug;
		};
		8B1B0E4B2195F42B00735BC7 /* Release */ = {
			isa = XCBuildConfiguration;
			buildSettings = {
				ALWAYS_SEARCH_USER_PATHS = NO;
				CLANG_ANALYZER_NONNULL = YES;
				CLANG_ANALYZER_NUMBER_OBJECT_CONVERSION = YES_AGGRESSIVE;
				CLANG_CXX_LANGUAGE_STANDARD = "gnu++14";
				CLANG_CXX_LIBRARY = "libc++";
				CLANG_ENABLE_MODULES = YES;
				CLANG_ENABLE_OBJC_ARC = YES;
				CLANG_ENABLE_OBJC_WEAK = YES;
				CLANG_WARN_BLOCK_CAPTURE_AUTORELEASING = YES;
				CLANG_WARN_BOOL_CONVERSION = YES;
				CLANG_WARN_COMMA = YES;
				CLANG_WARN_CONSTANT_CONVERSION = YES;
				CLANG_WARN_DEPRECATED_OBJC_IMPLEMENTATIONS = YES;
				CLANG_WARN_DIRECT_OBJC_ISA_USAGE = YES_ERROR;
				CLANG_WARN_DOCUMENTATION_COMMENTS = YES;
				CLANG_WARN_EMPTY_BODY = YES;
				CLANG_WARN_ENUM_CONVERSION = YES;
				CLANG_WARN_INFINITE_RECURSION = YES;
				CLANG_WARN_INT_CONVERSION = YES;
				CLANG_WARN_NON_LITERAL_NULL_CONVERSION = YES;
				CLANG_WARN_OBJC_IMPLICIT_RETAIN_SELF = YES;
				CLANG_WARN_OBJC_LITERAL_CONVERSION = YES;
				CLANG_WARN_OBJC_ROOT_CLASS = YES_ERROR;
				CLANG_WARN_RANGE_LOOP_ANALYSIS = YES;
				CLANG_WARN_STRICT_PROTOTYPES = YES;
				CLANG_WARN_SUSPICIOUS_MOVE = YES;
				CLANG_WARN_UNGUARDED_AVAILABILITY = YES_AGGRESSIVE;
				CLANG_WARN_UNREACHABLE_CODE = YES;
				CLANG_WARN__DUPLICATE_METHOD_MATCH = YES;
				CODE_SIGN_IDENTITY = "iPhone Developer";
				COPY_PHASE_STRIP = NO;
				DEBUG_INFORMATION_FORMAT = "dwarf-with-dsym";
				ENABLE_NS_ASSERTIONS = NO;
				ENABLE_STRICT_OBJC_MSGSEND = YES;
				GCC_C_LANGUAGE_STANDARD = gnu11;
				GCC_NO_COMMON_BLOCKS = YES;
				GCC_WARN_64_TO_32_BIT_CONVERSION = YES;
				GCC_WARN_ABOUT_RETURN_TYPE = YES_ERROR;
				GCC_WARN_UNDECLARED_SELECTOR = YES;
				GCC_WARN_UNINITIALIZED_AUTOS = YES_AGGRESSIVE;
				GCC_WARN_UNUSED_FUNCTION = YES;
				GCC_WARN_UNUSED_VARIABLE = YES;
				IPHONEOS_DEPLOYMENT_TARGET = 11.0;
				MTL_ENABLE_DEBUG_INFO = NO;
				MTL_FAST_MATH = YES;
				SDKROOT = iphoneos;
				SWIFT_COMPILATION_MODE = wholemodule;
				SWIFT_OPTIMIZATION_LEVEL = "-O";
				VALIDATE_PRODUCT = YES;
			};
			name = Release;
		};
		8B1B0E4D2195F42B00735BC7 /* Debug */ = {
			isa = XCBuildConfiguration;
			baseConfigurationReference = 73234F0192126586EBE6F28E /* Pods-sevcabel.debug.xcconfig */;
			buildSettings = {
				ASSETCATALOG_COMPILER_APPICON_NAME = AppIcon;
				CODE_SIGN_STYLE = Automatic;
				DEVELOPMENT_TEAM = A4NNFV669G;
				INFOPLIST_FILE = "$(SRCROOT)/sevcabel/Application/Info.plist";
				IPHONEOS_DEPLOYMENT_TARGET = 11.0;
				LD_RUNPATH_SEARCH_PATHS = (
					"$(inherited)",
					"@executable_path/Frameworks",
				);
				PRODUCT_BUNDLE_IDENTIFIER = buildy.tech.sevcabel;
				PRODUCT_NAME = "$(TARGET_NAME)";
				SWIFT_VERSION = 4.2;
				TARGETED_DEVICE_FAMILY = 1;
			};
			name = Debug;
		};
		8B1B0E4E2195F42B00735BC7 /* Release */ = {
			isa = XCBuildConfiguration;
			baseConfigurationReference = BE4325475F9ADCEDCB6E3135 /* Pods-sevcabel.release.xcconfig */;
			buildSettings = {
				ASSETCATALOG_COMPILER_APPICON_NAME = AppIcon;
				CODE_SIGN_STYLE = Automatic;
				DEVELOPMENT_TEAM = A4NNFV669G;
				INFOPLIST_FILE = "$(SRCROOT)/sevcabel/Application/Info.plist";
				IPHONEOS_DEPLOYMENT_TARGET = 11.0;
				LD_RUNPATH_SEARCH_PATHS = (
					"$(inherited)",
					"@executable_path/Frameworks",
				);
				PRODUCT_BUNDLE_IDENTIFIER = buildy.tech.sevcabel;
				PRODUCT_NAME = "$(TARGET_NAME)";
				SWIFT_VERSION = 4.2;
				TARGETED_DEVICE_FAMILY = 1;
			};
			name = Release;
		};
		8B1B0E502195F42B00735BC7 /* Debug */ = {
			isa = XCBuildConfiguration;
			baseConfigurationReference = E753788EAD2468C36601D426 /* Pods-sevcabelTests.debug.xcconfig */;
			buildSettings = {
				ALWAYS_EMBED_SWIFT_STANDARD_LIBRARIES = YES;
				BUNDLE_LOADER = "$(TEST_HOST)";
				CODE_SIGN_STYLE = Automatic;
				DEVELOPMENT_TEAM = A4NNFV669G;
				INFOPLIST_FILE = sevcabelTests/Info.plist;
				LD_RUNPATH_SEARCH_PATHS = (
					"$(inherited)",
					"@executable_path/Frameworks",
					"@loader_path/Frameworks",
				);
				PRODUCT_BUNDLE_IDENTIFIER = buildy.tech.sevcabelTests;
				PRODUCT_NAME = "$(TARGET_NAME)";
				SWIFT_VERSION = 4.2;
				TARGETED_DEVICE_FAMILY = "1,2";
				TEST_HOST = "$(BUILT_PRODUCTS_DIR)/sevcabel.app/sevcabel";
			};
			name = Debug;
		};
		8B1B0E512195F42B00735BC7 /* Release */ = {
			isa = XCBuildConfiguration;
			baseConfigurationReference = 03201A4EB539F25669F8CA2C /* Pods-sevcabelTests.release.xcconfig */;
			buildSettings = {
				ALWAYS_EMBED_SWIFT_STANDARD_LIBRARIES = YES;
				BUNDLE_LOADER = "$(TEST_HOST)";
				CODE_SIGN_STYLE = Automatic;
				DEVELOPMENT_TEAM = A4NNFV669G;
				INFOPLIST_FILE = sevcabelTests/Info.plist;
				LD_RUNPATH_SEARCH_PATHS = (
					"$(inherited)",
					"@executable_path/Frameworks",
					"@loader_path/Frameworks",
				);
				PRODUCT_BUNDLE_IDENTIFIER = buildy.tech.sevcabelTests;
				PRODUCT_NAME = "$(TARGET_NAME)";
				SWIFT_VERSION = 4.2;
				TARGETED_DEVICE_FAMILY = "1,2";
				TEST_HOST = "$(BUILT_PRODUCTS_DIR)/sevcabel.app/sevcabel";
			};
			name = Release;
		};
/* End XCBuildConfiguration section */

/* Begin XCConfigurationList section */
		8B1B0E2A2195F42900735BC7 /* Build configuration list for PBXProject "sevcabel" */ = {
			isa = XCConfigurationList;
			buildConfigurations = (
				8B1B0E4A2195F42B00735BC7 /* Debug */,
				8B1B0E4B2195F42B00735BC7 /* Release */,
			);
			defaultConfigurationIsVisible = 0;
			defaultConfigurationName = Release;
		};
		8B1B0E4C2195F42B00735BC7 /* Build configuration list for PBXNativeTarget "sevcabel" */ = {
			isa = XCConfigurationList;
			buildConfigurations = (
				8B1B0E4D2195F42B00735BC7 /* Debug */,
				8B1B0E4E2195F42B00735BC7 /* Release */,
			);
			defaultConfigurationIsVisible = 0;
			defaultConfigurationName = Release;
		};
		8B1B0E4F2195F42B00735BC7 /* Build configuration list for PBXNativeTarget "sevcabelTests" */ = {
			isa = XCConfigurationList;
			buildConfigurations = (
				8B1B0E502195F42B00735BC7 /* Debug */,
				8B1B0E512195F42B00735BC7 /* Release */,
			);
			defaultConfigurationIsVisible = 0;
			defaultConfigurationName = Release;
		};
/* End XCConfigurationList section */
	};
	rootObject = 8B1B0E272195F42900735BC7 /* Project object */;
}
